
Microsoft Visual Studio Solution File, Format Version 12.00
# Visual Studio Version 16
VisualStudioVersion = 16.0.29409.12
MinimumVisualStudioVersion = 10.0.40219.1
Project("{FAE04EC0-301F-11D3-BF4B-00C04F79EFBC}") = "Csharp-MasterMinds", "Csharp-MasterMinds.csproj", "{45D20E02-F9CC-43ED-B6CF-579B6019381E}"
EndProject
Global
	GlobalSection(SolutionConfigurationPlatforms) = preSolution
		Debug|Any CPU = Debug|Any CPU
		Release|Any CPU = Release|Any CPU
	EndGlobalSection
	GlobalSection(ProjectConfigurationPlatforms) = postSolution
		{45D20E02-F9CC-43ED-B6CF-579B6019381E}.Debug|Any CPU.ActiveCfg = Debug|Any CPU
		{45D20E02-F9CC-43ED-B6CF-579B6019381E}.Debug|Any CPU.Build.0 = Debug|Any CPU
		{45D20E02-F9CC-43ED-B6CF-579B6019381E}.Release|Any CPU.ActiveCfg = Release|Any CPU
		{45D20E02-F9CC-43ED-B6CF-579B6019381E}.Release|Any CPU.Build.0 = Release|Any CPU
	EndGlobalSection
	GlobalSection(SolutionProperties) = preSolution
		HideSolutionNode = FALSE
	EndGlobalSection
	GlobalSection(ExtensibilityGlobals) = postSolution
		SolutionGuid = {E275E08B-D373-49CF-8350-36BE7CA06C7E}
	EndGlobalSection
EndGlobal
